
Microsoft Visual Studio Solution File, Format Version 12.00
# Visual Studio Version 17
VisualStudioVersion = 17.9.34622.214
MinimumVisualStudioVersion = 10.0.40219.1
Project("{13B669BE-BB05-4DDF-9536-439F39A36129}") = "dbedc_erp", "dbedc_erp.phpproj", "{A653A6B7-0EDE-44F9-8955-9E9F364D0BB7}"
EndProject
Global
	GlobalSection(SolutionConfigurationPlatforms) = preSolution
		Debug|Any CPU = Debug|Any CPU
		Release|Any CPU = Release|Any CPU
	EndGlobalSection
	GlobalSection(ProjectConfigurationPlatforms) = postSolution
		{A653A6B7-0EDE-44F9-8955-9E9F364D0BB7}.Debug|Any CPU.ActiveCfg = Debug|Any CPU
		{A653A6B7-0EDE-44F9-8955-9E9F364D0BB7}.Debug|Any CPU.Build.0 = Debug|Any CPU
		{A653A6B7-0EDE-44F9-8955-9E9F364D0BB7}.Release|Any CPU.ActiveCfg = Release|Any CPU
		{A653A6B7-0EDE-44F9-8955-9E9F364D0BB7}.Release|Any CPU.Build.0 = Release|Any CPU
	EndGlobalSection
	GlobalSection(SolutionProperties) = preSolution
		HideSolutionNode = FALSE
	EndGlobalSection
	GlobalSection(ExtensibilityGlobals) = postSolution
		SolutionGuid = {54DD1698-8E77-4512-9DD5-E260BF80A33F}
	EndGlobalSection
EndGlobal
